
Microsoft Visual Studio Solution File, Format Version 12.00
# Visual Studio Version 17
VisualStudioVersion = 17.6.33829.357
MinimumVisualStudioVersion = 10.0.40219.1
Project("{9A19103F-16F7-4668-BE54-9A1E7A4F7556}") = "ViteDotnet", "ViteDotnet.csproj", "{D12D2BA3-2784-4D78-BC3D-7A5C1972BE55}"
EndProject
Global
	GlobalSection(SolutionConfigurationPlatforms) = preSolution
		Debug|Any CPU = Debug|Any CPU
		Development|Any CPU = Development|Any CPU
		Local|Any CPU = Local|Any CPU
		Production|Any CPU = Production|Any CPU
		Release|Any CPU = Release|Any CPU
	EndGlobalSection
	GlobalSection(ProjectConfigurationPlatforms) = postSolution
		{D12D2BA3-2784-4D78-BC3D-7A5C1972BE55}.Debug|Any CPU.ActiveCfg = Local|Any CPU
		{D12D2BA3-2784-4D78-BC3D-7A5C1972BE55}.Debug|Any CPU.Build.0 = Local|Any CPU
		{D12D2BA3-2784-4D78-BC3D-7A5C1972BE55}.Development|Any CPU.ActiveCfg = Development|Any CPU
		{D12D2BA3-2784-4D78-BC3D-7A5C1972BE55}.Development|Any CPU.Build.0 = Development|Any CPU
		{D12D2BA3-2784-4D78-BC3D-7A5C1972BE55}.Local|Any CPU.ActiveCfg = Local|Any CPU
		{D12D2BA3-2784-4D78-BC3D-7A5C1972BE55}.Local|Any CPU.Build.0 = Local|Any CPU
		{D12D2BA3-2784-4D78-BC3D-7A5C1972BE55}.Production|Any CPU.ActiveCfg = Production|Any CPU
		{D12D2BA3-2784-4D78-BC3D-7A5C1972BE55}.Production|Any CPU.Build.0 = Production|Any CPU
		{D12D2BA3-2784-4D78-BC3D-7A5C1972BE55}.Release|Any CPU.ActiveCfg = Release|Any CPU
		{D12D2BA3-2784-4D78-BC3D-7A5C1972BE55}.Release|Any CPU.Build.0 = Release|Any CPU
	EndGlobalSection
	GlobalSection(SolutionProperties) = preSolution
		HideSolutionNode = FALSE
	EndGlobalSection
	GlobalSection(ExtensibilityGlobals) = postSolution
		SolutionGuid = {D7ADBF1E-154F-48C2-9CB8-35AFA300B415}
	EndGlobalSection
EndGlobal
